{
  "nodes": {
    "dotfiles": {
      "flake": false,
      "locked": {
        "lastModified": 1775440356,
        "narHash": "sha256-dgMD3Q99NQKK7p1BqHjikmwhziszlCueJ8krTiDay60=",
        "ref": "refs/heads/main",
        "rev": "370c1d1efcf734d591d4d7fee3a0c3fcf6414454",
        "revCount": 5952,
        "submodules": true,
        "type": "git",
        "url": "https://github.com/paramore999/dots-hyprland"
      },
      "original": {
        "submodules": true,
        "type": "git",
        "url": "https://github.com/paramore999/dots-hyprland"
      }
    },
    "flake-parts": {
      "inputs": {
        "nixpkgs-lib": [
          "illogical-flake",
          "nur",
          "nixpkgs"
        ]
      },
      "locked": {
        "lastModified": 1733312601,
        "narHash": "sha256-4pDvzqnegAfRkPwO3wmwBhVi/Sye1mzps0zHWYnP88c=",
        "owner": "hercules-ci",
        "repo": "flake-parts",
        "rev": "205b12d8b7cd4802fbcb8e8ef6a0f1408781a4f9",
        "type": "github"
      },
      "original": {
        "owner": "hercules-ci",
        "repo": "flake-parts",
        "type": "github"
      }
    },
    "home-manager": {
      "inputs": {
        "nixpkgs": [
          "nixpkgs"
        ]
      },
      "locked": {
        "lastModified": 1777218285,
        "narHash": "sha256-d2FY71SBVKVbT1PsfXA71jz0vD520NijS4lrcvUMeGk=",
        "owner": "nix-community",
        "repo": "home-manager",
        "rev": "c55c498c9aa205b16cca78b57a7275625726d532",
        "type": "github"
      },
      "original": {
        "owner": "nix-community",
        "repo": "home-manager",
        "type": "github"
      }
    },
    "illogical-flake": {
      "inputs": {
        "dotfiles": [
          "dotfiles"
        ],
        "nixpkgs": [
          "nixpkgs"
        ],
        "nur": "nur",
        "quickshell": "quickshell"
      },
      "locked": {
        "lastModified": 1774402626,
        "narHash": "sha256-sksKfX5fjG+lLZBrJT8q1yGl5Y7ucUg6Eo2IOAybhBA=",
        "owner": "soymou",
        "repo": "illogical-flake",
        "rev": "1dab49284ce76f3fa9ed317282ad7c94a782f6ba",
        "type": "github"
      },
      "original": {
        "owner": "soymou",
        "repo": "illogical-flake",
        "type": "github"
      }
    },
    "nixpkgs": {
      "locked": {
        "lastModified": 1776877367,
        "narHash": "sha256-EHq1/OX139R1RvBzOJ0aMRT3xnWyqtHBRUBuO1gFzjI=",
        "owner": "NixOS",
        "repo": "nixpkgs",
        "rev": "0726a0ecb6d4e08f6adced58726b95db924cef57",
        "type": "github"
      },
      "original": {
        "owner": "NixOS",
        "ref": "nixos-unstable",
        "repo": "nixpkgs",
        "type": "github"
      }
    },
    "nixpkgs-old": {
      "locked": {
        "lastModified": 1758370020,
        "narHash": "sha256-J+9A2sDC7HuA3AIa8BBe8I0eHQYnGeIyqscKh9jm4cs=",
        "owner": "NixOS",
        "repo": "nixpkgs",
        "rev": "02edef5b3d4f622d770ef70ddb333d648bb540fa",
        "type": "github"
      },
      "original": {
        "owner": "NixOS",
        "repo": "nixpkgs",
        "rev": "02edef5b3d4f622d770ef70ddb333d648bb540fa",
        "type": "github"
      }
    },
    "nixpkgs_2": {
      "locked": {
        "lastModified": 1776877367,
        "narHash": "sha256-wMN1gM00sUQ2KC9CNr/XEOGdfOrl67PabIRv9AYayTo=",
        "rev": "0726a0ecb6d4e08f6adced58726b95db924cef57",
        "type": "tarball",
        "url": "https://releases.nixos.org/nixos/unstable/nixos-26.05pre985613.0726a0ecb6d4/nixexprs.tar.xz"
      },
      "original": {
        "type": "tarball",
        "url": "https://channels.nixos.org/nixos-unstable/nixexprs.tar.xz"
      }
    },
    "nur": {
      "inputs": {
        "flake-parts": "flake-parts",
        "nixpkgs": [
          "illogical-flake",
          "nixpkgs"
        ]
      },
      "locked": {
        "lastModified": 1769182372,
        "narHash": "sha256-I5WJ39YMaV+psYbli6rlUaiJOSoC2OwEXOF338d7zdE=",
        "owner": "nix-community",
        "repo": "NUR",
        "rev": "0e6e5ff852c442598d1ae8ca5f042947f123f798",
        "type": "github"
      },
      "original": {
        "owner": "nix-community",
        "repo": "NUR",
        "type": "github"
      }
    },
    "quickshell": {
      "inputs": {
        "nixpkgs": [
          "illogical-flake",
          "nixpkgs"
        ]
      },
      "locked": {
        "lastModified": 1768985439,
        "narHash": "sha256-qkU4r+l+UPz4dutMMRZSin64HuVZkEv9iFpu9yMWVY0=",
        "ref": "refs/heads/master",
        "rev": "191085a8821b35680bba16ce5411fc9dbe912237",
        "revCount": 731,
        "type": "git",
        "url": "https://git.outfoxxed.me/outfoxxed/quickshell"
      },
      "original": {
        "type": "git",
        "url": "https://git.outfoxxed.me/outfoxxed/quickshell"
      }
    },
    "root": {
      "inputs": {
        "dotfiles": "dotfiles",
        "home-manager": "home-manager",
        "illogical-flake": "illogical-flake",
        "nixpkgs": "nixpkgs",
        "nixpkgs-old": "nixpkgs-old",
        "spicetify-nix": "spicetify-nix"
      }
    },
    "spicetify-nix": {
      "inputs": {
        "nixpkgs": "nixpkgs_2",
        "systems": "systems"
      },
      "locked": {
        "lastModified": 1777183994,
        "narHash": "sha256-zahis/vVFOsWv/HeyHbU13jxnrCC+ppIg49xG+viWxg=",
        "owner": "Gerg-L",
        "repo": "spicetify-nix",
        "rev": "501256c3e670ca1679501ce3839ea805df00d8ba",
        "type": "github"
      },
      "original": {
        "owner": "Gerg-L",
        "repo": "spicetify-nix",
        "type": "github"
      }
    },
    "systems": {
      "locked": {
        "lastModified": 1681028828,
        "narHash": "sha256-Vy1rq5AaRuLzOxct8nz4T6wlgyUR7zLU309k9mBC768=",
        "owner": "nix-systems",
        "repo": "default",
        "rev": "da67096a3b9bf56a91d16901293e51ba5b49a27e",
        "type": "github"
      },
      "original": {
        "owner": "nix-systems",
        "repo": "default",
        "type": "github"
      }
    }
  },
  "root": "root",
  "version": 7
}
